
Microsoft Visual Studio Solution File, Format Version 12.00
# Visual Studio 15
Project("{FAE04EC0-301F-11D3-BF4B-00C04F79EFBC}") = "Assembly-CSharp", "Assembly-CSharp.csproj", "{66198FEE-AB30-AA19-B9AE-9AC28F472E15}"
EndProject
Project("{FAE04EC0-301F-11D3-BF4B-00C04F79EFBC}") = "Assembly-CSharp-Editor", "Assembly-CSharp-Editor.csproj", "{35F0957B-4856-C900-1469-C345D8D659C3}"
EndProject
Global
	GlobalSection(SolutionConfigurationPlatforms) = preSolution
		Debug|Any CPU = Debug|Any CPU
		Release|Any CPU = Release|Any CPU
	EndGlobalSection
	GlobalSection(ProjectConfigurationPlatforms) = postSolution
		{66198FEE-AB30-AA19-B9AE-9AC28F472E15}.Debug|Any CPU.ActiveCfg = Debug|Any CPU
		{66198FEE-AB30-AA19-B9AE-9AC28F472E15}.Debug|Any CPU.Build.0 = Debug|Any CPU
		{66198FEE-AB30-AA19-B9AE-9AC28F472E15}.Release|Any CPU.ActiveCfg = Release|Any CPU
		{66198FEE-AB30-AA19-B9AE-9AC28F472E15}.Release|Any CPU.Build.0 = Release|Any CPU
		{35F0957B-4856-C900-1469-C345D8D659C3}.Debug|Any CPU.ActiveCfg = Debug|Any CPU
		{35F0957B-4856-C900-1469-C345D8D659C3}.Debug|Any CPU.Build.0 = Debug|Any CPU
		{35F0957B-4856-C900-1469-C345D8D659C3}.Release|Any CPU.ActiveCfg = Release|Any CPU
		{35F0957B-4856-C900-1469-C345D8D659C3}.Release|Any CPU.Build.0 = Release|Any CPU
	EndGlobalSection
	GlobalSection(SolutionProperties) = preSolution
		HideSolutionNode = FALSE
	EndGlobalSection
EndGlobal
